
Microsoft Visual Studio Solution File, Format Version 12.00
# Visual Studio Version 17
VisualStudioVersion = 17.14.36616.10
MinimumVisualStudioVersion = 10.0.40219.1
Project("{9A19103F-16F7-4668-BE54-9A1E7A4F7556}") = "DRRest3", "DRRest3\DRRest3.csproj", "{DC527613-220B-4358-A8CE-DD2320D1B9BC}"
EndProject
Project("{FAE04EC0-301F-11D3-BF4B-00C04F79EFBC}") = "DRRest3.Tests", "DRRest3.Tests\DRRest3.Tests.csproj", "{6F74ED3A-BAD6-4ECB-B969-C892DC0D7ACA}"
EndProject
Global
	GlobalSection(SolutionConfigurationPlatforms) = preSolution
		Debug|Any CPU = Debug|Any CPU
		Release|Any CPU = Release|Any CPU
	EndGlobalSection
	GlobalSection(ProjectConfigurationPlatforms) = postSolution
		{DC527613-220B-4358-A8CE-DD2320D1B9BC}.Debug|Any CPU.ActiveCfg = Debug|Any CPU
		{DC527613-220B-4358-A8CE-DD2320D1B9BC}.Debug|Any CPU.Build.0 = Debug|Any CPU
		{DC527613-220B-4358-A8CE-DD2320D1B9BC}.Release|Any CPU.ActiveCfg = Release|Any CPU
		{DC527613-220B-4358-A8CE-DD2320D1B9BC}.Release|Any CPU.Build.0 = Release|Any CPU
		{6F74ED3A-BAD6-4ECB-B969-C892DC0D7ACA}.Debug|Any CPU.ActiveCfg = Debug|Any CPU
		{6F74ED3A-BAD6-4ECB-B969-C892DC0D7ACA}.Debug|Any CPU.Build.0 = Debug|Any CPU
		{6F74ED3A-BAD6-4ECB-B969-C892DC0D7ACA}.Release|Any CPU.ActiveCfg = Release|Any CPU
		{6F74ED3A-BAD6-4ECB-B969-C892DC0D7ACA}.Release|Any CPU.Build.0 = Release|Any CPU
	EndGlobalSection
	GlobalSection(SolutionProperties) = preSolution
		HideSolutionNode = FALSE
	EndGlobalSection
	GlobalSection(ExtensibilityGlobals) = postSolution
		SolutionGuid = {AED73962-27F1-40FB-B402-E05384485B39}
	EndGlobalSection
EndGlobal
